name: update-flake-lock
on:
  workflow_dispatch:
  schedule:
    - cron: "0 0 * * 1,4" # Run twice a week

jobs:
  lockfile:
    runs-on: oc-runner
    steps:
      - name: Checkout
        uses: actions/checkout@v4.2.2
      - name: Install Nix
        uses: DeterminateSystems/nix-installer-action@main
        with:
          determinate: true
      - name: Update flake.lock
        uses: DeterminateSystems/update-flake-lock@main
        with:
          token: ${{ secrets.GH_TOKEN_FOR_UPDATES }}
